
Microsoft Visual Studio Solution File, Format Version 12.00
# Visual Studio Version 16
VisualStudioVersion = 16.0.30804.86
MinimumVisualStudioVersion = 10.0.40219.1
Project("{FAE04EC0-301F-11D3-BF4B-00C04F79EFBC}") = "AssignmentRedone3", "AssignmentRedone3.csproj", "{1AAAB579-F0D9-4260-A346-D036B37FAE5A}"
EndProject
Global
	GlobalSection(SolutionConfigurationPlatforms) = preSolution
		Debug|Any CPU = Debug|Any CPU
		Release|Any CPU = Release|Any CPU
	EndGlobalSection
	GlobalSection(ProjectConfigurationPlatforms) = postSolution
		{1AAAB579-F0D9-4260-A346-D036B37FAE5A}.Debug|Any CPU.ActiveCfg = Debug|Any CPU
		{1AAAB579-F0D9-4260-A346-D036B37FAE5A}.Debug|Any CPU.Build.0 = Debug|Any CPU
		{1AAAB579-F0D9-4260-A346-D036B37FAE5A}.Release|Any CPU.ActiveCfg = Release|Any CPU
		{1AAAB579-F0D9-4260-A346-D036B37FAE5A}.Release|Any CPU.Build.0 = Release|Any CPU
	EndGlobalSection
	GlobalSection(SolutionProperties) = preSolution
		HideSolutionNode = FALSE
	EndGlobalSection
	GlobalSection(ExtensibilityGlobals) = postSolution
		SolutionGuid = {DCAF6718-D44C-416A-A786-FFFAA9167C65}
	EndGlobalSection
EndGlobal
